
Microsoft Visual Studio Solution File, Format Version 12.00
# Visual Studio Version 17
VisualStudioVersion = 17.4.33213.308
MinimumVisualStudioVersion = 10.0.40219.1
Project("{FAE04EC0-301F-11D3-BF4B-00C04F79EFBC}") = "ZaverecnyProjektIT4_2023", "ZaverecnyProjektIT4_2023.csproj", "{4E46B858-6413-404C-9633-AFBE6D55F520}"
EndProject
Global
	GlobalSection(SolutionConfigurationPlatforms) = preSolution
		Debug|Any CPU = Debug|Any CPU
		Release|Any CPU = Release|Any CPU
	EndGlobalSection
	GlobalSection(ProjectConfigurationPlatforms) = postSolution
		{4E46B858-6413-404C-9633-AFBE6D55F520}.Debug|Any CPU.ActiveCfg = Debug|Any CPU
		{4E46B858-6413-404C-9633-AFBE6D55F520}.Debug|Any CPU.Build.0 = Debug|Any CPU
		{4E46B858-6413-404C-9633-AFBE6D55F520}.Release|Any CPU.ActiveCfg = Release|Any CPU
		{4E46B858-6413-404C-9633-AFBE6D55F520}.Release|Any CPU.Build.0 = Release|Any CPU
	EndGlobalSection
	GlobalSection(SolutionProperties) = preSolution
		HideSolutionNode = FALSE
	EndGlobalSection
	GlobalSection(ExtensibilityGlobals) = postSolution
		SolutionGuid = {AE2915D0-CB15-44AE-9752-F3C4928F6F36}
	EndGlobalSection
EndGlobal
